
Microsoft Visual Studio Solution File, Format Version 12.00
# Visual Studio Version 17
VisualStudioVersion = 17.5.002.0
MinimumVisualStudioVersion = 10.0.40219.1
Project("{9A19103F-16F7-4668-BE54-9A1E7A4F7556}") = "SoNTNhoHon100", "SoNTNhoHon100.csproj", "{B634CE47-2234-42E7-86A6-9FB1C47B7678}"
EndProject
Global
	GlobalSection(SolutionConfigurationPlatforms) = preSolution
		Debug|Any CPU = Debug|Any CPU
		Release|Any CPU = Release|Any CPU
	EndGlobalSection
	GlobalSection(ProjectConfigurationPlatforms) = postSolution
		{B634CE47-2234-42E7-86A6-9FB1C47B7678}.Debug|Any CPU.ActiveCfg = Debug|Any CPU
		{B634CE47-2234-42E7-86A6-9FB1C47B7678}.Debug|Any CPU.Build.0 = Debug|Any CPU
		{B634CE47-2234-42E7-86A6-9FB1C47B7678}.Release|Any CPU.ActiveCfg = Release|Any CPU
		{B634CE47-2234-42E7-86A6-9FB1C47B7678}.Release|Any CPU.Build.0 = Release|Any CPU
	EndGlobalSection
	GlobalSection(SolutionProperties) = preSolution
		HideSolutionNode = FALSE
	EndGlobalSection
	GlobalSection(ExtensibilityGlobals) = postSolution
		SolutionGuid = {7B3829D1-B990-4D15-AF66-952202ECD6A4}
	EndGlobalSection
EndGlobal
